
Microsoft Visual Studio Solution File, Format Version 12.00
# Visual Studio Version 16
VisualStudioVersion = 16.0.31112.23
MinimumVisualStudioVersion = 10.0.40219.1
Project("{9A19103F-16F7-4668-BE54-9A1E7A4F7556}") = "dolgozat_2021_03_24", "ConsoleApp1\dolgozat_2021_03_24.csproj", "{A494382A-5788-4078-860F-819A26357C44}"
EndProject
Global
	GlobalSection(SolutionConfigurationPlatforms) = preSolution
		Debug|Any CPU = Debug|Any CPU
		Release|Any CPU = Release|Any CPU
	EndGlobalSection
	GlobalSection(ProjectConfigurationPlatforms) = postSolution
		{A494382A-5788-4078-860F-819A26357C44}.Debug|Any CPU.ActiveCfg = Debug|Any CPU
		{A494382A-5788-4078-860F-819A26357C44}.Debug|Any CPU.Build.0 = Debug|Any CPU
		{A494382A-5788-4078-860F-819A26357C44}.Release|Any CPU.ActiveCfg = Release|Any CPU
		{A494382A-5788-4078-860F-819A26357C44}.Release|Any CPU.Build.0 = Release|Any CPU
	EndGlobalSection
	GlobalSection(SolutionProperties) = preSolution
		HideSolutionNode = FALSE
	EndGlobalSection
	GlobalSection(ExtensibilityGlobals) = postSolution
		SolutionGuid = {BF36DC7D-8F48-4134-9542-AF74727336DF}
	EndGlobalSection
EndGlobal
